PODS:
  - AXSwift (0.2.0)
  - PromiseKit (4.4.0):
    - PromiseKit/Foundation (= 4.4.0)
    - PromiseKit/QuartzCore (= 4.4.0)
    - PromiseKit/UIKit (= 4.4.0)
  - PromiseKit/CorePromise (4.4.0)
  - PromiseKit/Foundation (4.4.0):
    - PromiseKit/CorePromise
  - PromiseKit/QuartzCore (4.4.0):
    - PromiseKit/CorePromise
  - PromiseKit/UIKit (4.4.0):
    - PromiseKit/CorePromise
  - Swindler (0.0.1):
    - AXSwift (= 0.2.0)
    - PromiseKit (= 4.4.0)

DEPENDENCIES:
  - Swindler (from `./Swindler`)

EXTERNAL SOURCES:
  Swindler:
    :path: ./Swindler

SPEC CHECKSUMS:
  AXSwift: b53ace49696c103adf962e416350eb8fe2d782b5
  PromiseKit: ecf5fe92275d57ee77c9ede858af47a162e9b97e
  Swindler: cb6cf2553767638408ad015eaa1a5cf336375c5e

PODFILE CHECKSUM: 4dfa43573994c5c99eb723f7eb1666e77d6938e3

COCOAPODS: 1.3.1
