PODS:
  - AXSwift (0.2.3)
  - Nimble (7.3.0)
  - PromiseKit/CorePromise (6.7.1)
  - Quick (1.3.1)
  - Swindler (0.0.3):
    - AXSwift (= 0.2.3)
    - PromiseKit/CorePromise (~> 6.0)

DEPENDENCIES:
  - Nimble (~> 7.3.0)
  - PromiseKit/CorePromise (~> 6.0)
  - Quick (~> 1.3.0)
  - Swindler (from `./Swindler`)

SPEC REPOS:
  https://github.com/cocoapods/specs.git:
    - AXSwift
    - Nimble
    - PromiseKit
    - Quick

EXTERNAL SOURCES:
  Swindler:
    :path: "./Swindler"

SPEC CHECKSUMS:
  AXSwift: d49fe05ca04f983196c5caedfc88f617922ae671
  Nimble: c8d6a1f463701921c46de965c673e13cafa09196
  PromiseKit: ef376fb8b4e92edfeb66bd403b983eaa07fbde0c
  Quick: d17304d58d0d169dd0bd1c6e5c28e3318de32a1a
  Swindler: fcb9b894764de0a6bc677bd8af397d362d0a37ea

PODFILE CHECKSUM: 6fab1a5bae5687100e4f9d3687e5acbef5c10af4

COCOAPODS: 1.6.0.beta.2
