PODS:
  - AXSwift (0.2.2)
  - PromiseKit (4.4.0):
    - PromiseKit/Foundation (= 4.4.0)
    - PromiseKit/QuartzCore (= 4.4.0)
    - PromiseKit/UIKit (= 4.4.0)
  - PromiseKit/CorePromise (4.4.0)
  - PromiseKit/Foundation (4.4.0):
    - PromiseKit/CorePromise
  - PromiseKit/QuartzCore (4.4.0):
    - PromiseKit/CorePromise
  - PromiseKit/UIKit (4.4.0):
    - PromiseKit/CorePromise
  - Swindler (0.0.1):
    - AXSwift (= 0.2.2)
    - PromiseKit (= 4.4.0)

DEPENDENCIES:
  - Swindler (from `./Swindler`)

SPEC REPOS:
  https://github.com/cocoapods/specs.git:
    - AXSwift
    - PromiseKit

EXTERNAL SOURCES:
  Swindler:
    :path: "./Swindler"

SPEC CHECKSUMS:
  AXSwift: 495d2ae44b4351f98b94c63337d69989fa4a7978
  PromiseKit: ecf5fe92275d57ee77c9ede858af47a162e9b97e
  Swindler: dbd4981b5febf70f9bb63cd24d1308c9fdd119f0

PODFILE CHECKSUM: 4dfa43573994c5c99eb723f7eb1666e77d6938e3

COCOAPODS: 1.5.3
